// !$*UTF8*$!
{
	archiveVersion = 1;
	classes = {
	};
	objectVersion = 50;
	objects = {

/* Begin PBXBuildFile section */
		5A6D27CB21DCC9C300969217 /* AppDelegate.swift in Sources */ = {isa = PBXBuildFile; fileRef = 5A6D27CA21DCC9C300969217 /* AppDelegate.swift */; };
		5A6D27D021DCC9C300969217 /* Main.storyboard in Resources */ = {isa = PBXBuildFile; fileRef = 5A6D27CE21DCC9C300969217 /* Main.storyboard */; };
		5A6D27D221DCC9C400969217 /* Assets.xcassets in Resources */ = {isa = PBXBuildFile; fileRef = 5A6D27D121DCC9C400969217 /* Assets.xcassets */; };
		5A6D27D521DCC9C400969217 /* LaunchScreen.storyboard in Resources */ = {isa = PBXBuildFile; fileRef = 5A6D27D321DCC9C400969217 /* LaunchScreen.storyboard */; };
		5ADB054E21DCE49B00D0F500 /* GridViewCell.swift in Sources */ = {isa = PBXBuildFile; fileRef = 5ADB054D21DCE49B00D0F500 /* GridViewCell.swift */; };
		5ADB055021DCE4AF00D0F500 /* ListViewCell.swift in Sources */ = {isa = PBXBuildFile; fileRef = 5ADB054F21DCE4AF00D0F500 /* ListViewCell.swift */; };
		5ADB055221DCE55300D0F500 /* MoviesViewController.swift in Sources */ = {isa = PBXBuildFile; fileRef = 5ADB055121DCE55300D0F500 /* MoviesViewController.swift */; };
		5ADB055821DCF1CF00D0F500 /* ApiRequestManager.swift in Sources */ = {isa = PBXBuildFile; fileRef = 5ADB055721DCF1CF00D0F500 /* ApiRequestManager.swift */; };
		5ADB055B21DCF85E00D0F500 /* UrlList.swift in Sources */ = {isa = PBXBuildFile; fileRef = 5ADB055A21DCF85E00D0F500 /* UrlList.swift */; };
		5ADB055D21DCF87000D0F500 /* MoviewViewModel.swift in Sources */ = {isa = PBXBuildFile; fileRef = 5ADB055C21DCF87000D0F500 /* MoviewViewModel.swift */; };
		5ADB056021DD075E00D0F500 /* TrendingMoviesModel.swift in Sources */ = {isa = PBXBuildFile; fileRef = 5ADB055F21DD075E00D0F500 /* TrendingMoviesModel.swift */; };
		5AE018A221DDF07900ED5196 /* MovieDescriptionViewController.swift in Sources */ = {isa = PBXBuildFile; fileRef = 5AE018A121DDF07900ED5196 /* MovieDescriptionViewController.swift */; };
		5AE018A521DE069600ED5196 /* MoviesDescriptionViewModel.swift in Sources */ = {isa = PBXBuildFile; fileRef = 5AE018A421DE069600ED5196 /* MoviesDescriptionViewModel.swift */; };
		5AE018A721DE1D5800ED5196 /* FilterTableViewCell.swift in Sources */ = {isa = PBXBuildFile; fileRef = 5AE018A621DE1D5800ED5196 /* FilterTableViewCell.swift */; };
		D182B811BB075E859C44D6BE /* Pods_MovieTime.framework in Frameworks */ = {isa = PBXBuildFile; fileRef = 047B1C7757988DC66DF68F17 /* Pods_MovieTime.framework */; };
/* End PBXBuildFile section */

/* Begin PBXFileReference section */
		047B1C7757988DC66DF68F17 /* Pods_MovieTime.framework */ = {isa = PBXFileReference; explicitFileType = wrapper.framework; includeInIndex = 0; path = Pods_MovieTime.framework; sourceTree = BUILT_PRODUCTS_DIR; };
		34C5033D833AC3DD8453A159 /* Pods-MovieTime.debug.xcconfig */ = {isa = PBXFileReference; includeInIndex = 1; lastKnownFileType = text.xcconfig; name = "Pods-MovieTime.debug.xcconfig"; path = "Pods/Target Support Files/Pods-MovieTime/Pods-MovieTime.debug.xcconfig"; sourceTree = "<group>"; };
		5A6D27C721DCC9C300969217 /* MovieTime.app */ = {isa = PBXFileReference; explicitFileType = wrapper.application; includeInIndex = 0; path = MovieTime.app; sourceTree = BUILT_PRODUCTS_DIR; };
		5A6D27CA21DCC9C300969217 /* AppDelegate.swift */ = {isa = PBXFileReference; lastKnownFileType = sourcecode.swift; path = AppDelegate.swift; sourceTree = "<group>"; };
		5A6D27CF21DCC9C300969217 /* Base */ = {isa = PBXFileReference; lastKnownFileType = file.storyboard; name = Base; path = Base.lproj/Main.storyboard; sourceTree = "<group>"; };
		5A6D27D121DCC9C400969217 /* Assets.xcassets */ = {isa = PBXFileReference; lastKnownFileType = folder.assetcatalog; path = Assets.xcassets; sourceTree = "<group>"; };
		5A6D27D421DCC9C400969217 /* Base */ = {isa = PBXFileReference; lastKnownFileType = file.storyboard; name = Base; path = Base.lproj/LaunchScreen.storyboard; sourceTree = "<group>"; };
		5A6D27D621DCC9C400969217 /* Info.plist */ = {isa = PBXFileReference; lastKnownFileType = text.plist.xml; path = Info.plist; sourceTree = "<group>"; };
		5ADB054D21DCE49B00D0F500 /* GridViewCell.swift */ = {isa = PBXFileReference; lastKnownFileType = sourcecode.swift; path = GridViewCell.swift; sourceTree = "<group>"; };
		5ADB054F21DCE4AF00D0F500 /* ListViewCell.swift */ = {isa = PBXFileReference; lastKnownFileType = sourcecode.swift; path = ListViewCell.swift; sourceTree = "<group>"; };
		5ADB055121DCE55300D0F500 /* MoviesViewController.swift */ = {isa = PBXFileReference; lastKnownFileType = sourcecode.swift; path = MoviesViewController.swift; sourceTree = "<group>"; };
		5ADB055721DCF1CF00D0F500 /* ApiRequestManager.swift */ = {isa = PBXFileReference; lastKnownFileType = sourcecode.swift; path = ApiRequestManager.swift; sourceTree = "<group>"; };
		5ADB055A21DCF85E00D0F500 /* UrlList.swift */ = {isa = PBXFileReference; lastKnownFileType = sourcecode.swift; path = UrlList.swift; sourceTree = "<group>"; };
		5ADB055C21DCF87000D0F500 /* MoviewViewModel.swift */ = {isa = PBXFileReference; lastKnownFileType = sourcecode.swift; path = MoviewViewModel.swift; sourceTree = "<group>"; };
		5ADB055F21DD075E00D0F500 /* TrendingMoviesModel.swift */ = {isa = PBXFileReference; lastKnownFileType = sourcecode.swift; path = TrendingMoviesModel.swift; sourceTree = "<group>"; };
		5AE018A121DDF07900ED5196 /* MovieDescriptionViewController.swift */ = {isa = PBXFileReference; lastKnownFileType = sourcecode.swift; path = MovieDescriptionViewController.swift; sourceTree = "<group>"; };
		5AE018A421DE069600ED5196 /* MoviesDescriptionViewModel.swift */ = {isa = PBXFileReference; lastKnownFileType = sourcecode.swift; path = MoviesDescriptionViewModel.swift; sourceTree = "<group>"; };
		5AE018A621DE1D5800ED5196 /* FilterTableViewCell.swift */ = {isa = PBXFileReference; lastKnownFileType = sourcecode.swift; path = FilterTableViewCell.swift; sourceTree = "<group>"; };
		FD0FDB3E85D853844FE34AD6 /* Pods-MovieTime.release.xcconfig */ = {isa = PBXFileReference; includeInIndex = 1; lastKnownFileType = text.xcconfig; name = "Pods-MovieTime.release.xcconfig"; path = "Pods/Target Support Files/Pods-MovieTime/Pods-MovieTime.release.xcconfig"; sourceTree = "<group>"; };
/* End PBXFileReference section */

/* Begin PBXFrameworksBuildPhase section */
		5A6D27C421DCC9C300969217 /* Frameworks */ = {
			isa = PBXFrameworksBuildPhase;
			buildActionMask = 2147483647;
			files = (
				D182B811BB075E859C44D6BE /* Pods_MovieTime.framework in Frameworks */,
			);
			runOnlyForDeploymentPostprocessing = 0;
		};
/* End PBXFrameworksBuildPhase section */

/* Begin PBXGroup section */
		1F4A5EE1F5610948D4D74F96 /* Frameworks */ = {
			isa = PBXGroup;
			children = (
				047B1C7757988DC66DF68F17 /* Pods_MovieTime.framework */,
			);
			name = Frameworks;
			sourceTree = "<group>";
		};
		5A6D27BE21DCC9C300969217 = {
			isa = PBXGroup;
			children = (
				5A6D27C921DCC9C300969217 /* MovieTime */,
				5A6D27C821DCC9C300969217 /* Products */,
				896426DEFF862B010E8235DF /* Pods */,
				1F4A5EE1F5610948D4D74F96 /* Frameworks */,
			);
			sourceTree = "<group>";
		};
		5A6D27C821DCC9C300969217 /* Products */ = {
			isa = PBXGroup;
			children = (
				5A6D27C721DCC9C300969217 /* MovieTime.app */,
			);
			name = Products;
			sourceTree = "<group>";
		};
		5A6D27C921DCC9C300969217 /* MovieTime */ = {
			isa = PBXGroup;
			children = (
				5A6D27CA21DCC9C300969217 /* AppDelegate.swift */,
				5AE018A321DDF2D800ED5196 /* Models */,
				5ADB055E21DCF87600D0F500 /* ViewModels */,
				5ADB055921DCF84D00D0F500 /* Network Layer */,
				5ADB055521DCEDAE00D0F500 /* Custom Cells */,
				5ADB055421DCEDA200D0F500 /* Controllers */,
				5ADB055321DCED8C00D0F500 /* UserInterface */,
				5A6D27D121DCC9C400969217 /* Assets.xcassets */,
				5A6D27D621DCC9C400969217 /* Info.plist */,
			);
			path = MovieTime;
			sourceTree = "<group>";
		};
		5ADB055321DCED8C00D0F500 /* UserInterface */ = {
			isa = PBXGroup;
			children = (
				5A6D27CE21DCC9C300969217 /* Main.storyboard */,
				5A6D27D321DCC9C400969217 /* LaunchScreen.storyboard */,
			);
			path = UserInterface;
			sourceTree = "<group>";
		};
		5ADB055421DCEDA200D0F500 /* Controllers */ = {
			isa = PBXGroup;
			children = (
				5ADB055121DCE55300D0F500 /* MoviesViewController.swift */,
				5AE018A121DDF07900ED5196 /* MovieDescriptionViewController.swift */,
			);
			path = Controllers;
			sourceTree = "<group>";
		};
		5ADB055521DCEDAE00D0F500 /* Custom Cells */ = {
			isa = PBXGroup;
			children = (
				5ADB055621DCEDC200D0F500 /* MoviewCollectionCells */,
			);
			path = "Custom Cells";
			sourceTree = "<group>";
		};
		5ADB055621DCEDC200D0F500 /* MoviewCollectionCells */ = {
			isa = PBXGroup;
			children = (
				5ADB054D21DCE49B00D0F500 /* GridViewCell.swift */,
				5ADB054F21DCE4AF00D0F500 /* ListViewCell.swift */,
				5AE018A621DE1D5800ED5196 /* FilterTableViewCell.swift */,
			);
			path = MoviewCollectionCells;
			sourceTree = "<group>";
		};
		5ADB055921DCF84D00D0F500 /* Network Layer */ = {
			isa = PBXGroup;
			children = (
				5ADB055721DCF1CF00D0F500 /* ApiRequestManager.swift */,
				5ADB055A21DCF85E00D0F500 /* UrlList.swift */,
			);
			path = "Network Layer";
			sourceTree = "<group>";
		};
		5ADB055E21DCF87600D0F500 /* ViewModels */ = {
			isa = PBXGroup;
			children = (
				5ADB055C21DCF87000D0F500 /* MoviewViewModel.swift */,
				5AE018A421DE069600ED5196 /* MoviesDescriptionViewModel.swift */,
			);
			path = ViewModels;
			sourceTree = "<group>";
		};
		5AE018A321DDF2D800ED5196 /* Models */ = {
			isa = PBXGroup;
			children = (
				5ADB055F21DD075E00D0F500 /* TrendingMoviesModel.swift */,
			);
			path = Models;
			sourceTree = "<group>";
		};
		896426DEFF862B010E8235DF /* Pods */ = {
			isa = PBXGroup;
			children = (
				34C5033D833AC3DD8453A159 /* Pods-MovieTime.debug.xcconfig */,
				FD0FDB3E85D853844FE34AD6 /* Pods-MovieTime.release.xcconfig */,
			);
			name = Pods;
			sourceTree = "<group>";
		};
/* End PBXGroup section */

/* Begin PBXNativeTarget section */
		5A6D27C621DCC9C300969217 /* MovieTime */ = {
			isa = PBXNativeTarget;
			buildConfigurationList = 5A6D27D921DCC9C400969217 /* Build configuration list for PBXNativeTarget "MovieTime" */;
			buildPhases = (
				7A16FEC73A8E549123BB72C2 /* [CP] Check Pods Manifest.lock */,
				5A6D27C321DCC9C300969217 /* Sources */,
				5A6D27C421DCC9C300969217 /* Frameworks */,
				5A6D27C521DCC9C300969217 /* Resources */,
				D0A51E5D84407CA825F35FE0 /* [CP] Embed Pods Frameworks */,
				06B11721ABC8B6DCD492572F /* [CP] Copy Pods Resources */,
			);
			buildRules = (
			);
			dependencies = (
			);
			name = MovieTime;
			productName = MovieTime;
			productReference = 5A6D27C721DCC9C300969217 /* MovieTime.app */;
			productType = "com.apple.product-type.application";
		};
/* End PBXNativeTarget section */

/* Begin PBXProject section */
		5A6D27BF21DCC9C300969217 /* Project object */ = {
			isa = PBXProject;
			attributes = {
				LastSwiftUpdateCheck = 1010;
				LastUpgradeCheck = 1010;
				ORGANIZATIONNAME = "Shubham Kapoor";
				TargetAttributes = {
					5A6D27C621DCC9C300969217 = {
						CreatedOnToolsVersion = 10.1;
					};
				};
			};
			buildConfigurationList = 5A6D27C221DCC9C300969217 /* Build configuration list for PBXProject "MovieTime" */;
			compatibilityVersion = "Xcode 9.3";
			developmentRegion = en;
			hasScannedForEncodings = 0;
			knownRegions = (
				en,
				Base,
			);
			mainGroup = 5A6D27BE21DCC9C300969217;
			productRefGroup = 5A6D27C821DCC9C300969217 /* Products */;
			projectDirPath = "";
			projectRoot = "";
			targets = (
				5A6D27C621DCC9C300969217 /* MovieTime */,
			);
		};
/* End PBXProject section */

/* Begin PBXResourcesBuildPhase section */
		5A6D27C521DCC9C300969217 /* Resources */ = {
			isa = PBXResourcesBuildPhase;
			buildActionMask = 2147483647;
			files = (
				5A6D27D521DCC9C400969217 /* LaunchScreen.storyboard in Resources */,
				5A6D27D221DCC9C400969217 /* Assets.xcassets in Resources */,
				5A6D27D021DCC9C300969217 /* Main.storyboard in Resources */,
			);
			runOnlyForDeploymentPostprocessing = 0;
		};
/* End PBXResourcesBuildPhase section */

/* Begin PBXShellScriptBuildPhase section */
		06B11721ABC8B6DCD492572F /* [CP] Copy Pods Resources */ = {
			isa = PBXShellScriptBuildPhase;
			buildActionMask = 2147483647;
			files = (
			);
			inputPaths = (
			);
			name = "[CP] Copy Pods Resources";
			outputPaths = (
			);
			runOnlyForDeploymentPostprocessing = 0;
			shellPath = /bin/sh;
			shellScript = "\"${SRCROOT}/Pods/Target Support Files/Pods-MovieTime/Pods-MovieTime-resources.sh\"\n";
			showEnvVarsInLog = 0;
		};
		7A16FEC73A8E549123BB72C2 /* [CP] Check Pods Manifest.lock */ = {
			isa = PBXShellScriptBuildPhase;
			buildActionMask = 2147483647;
			files = (
			);
			inputPaths = (
				"${PODS_PODFILE_DIR_PATH}/Podfile.lock",
				"${PODS_ROOT}/Manifest.lock",
			);
			name = "[CP] Check Pods Manifest.lock";
			outputPaths = (
				"$(DERIVED_FILE_DIR)/Pods-MovieTime-checkManifestLockResult.txt",
			);
			runOnlyForDeploymentPostprocessing = 0;
			shellPath = /bin/sh;
			shellScript = "diff \"${PODS_PODFILE_DIR_PATH}/Podfile.lock\" \"${PODS_ROOT}/Manifest.lock\" > /dev/null\nif [ $? != 0 ] ; then\n    # print error to STDERR\n    echo \"error: The sandbox is not in sync with the Podfile.lock. Run 'pod install' or update your CocoaPods installation.\" >&2\n    exit 1\nfi\n# This output is used by Xcode 'outputs' to avoid re-running this script phase.\necho \"SUCCESS\" > \"${SCRIPT_OUTPUT_FILE_0}\"\n";
			showEnvVarsInLog = 0;
		};
		D0A51E5D84407CA825F35FE0 /* [CP] Embed Pods Frameworks */ = {
			isa = PBXShellScriptBuildPhase;
			buildActionMask = 2147483647;
			files = (
			);
			inputPaths = (
				"${SRCROOT}/Pods/Target Support Files/Pods-MovieTime/Pods-MovieTime-frameworks.sh",
				"${BUILT_PRODUCTS_DIR}/Alamofire/Alamofire.framework",
				"${BUILT_PRODUCTS_DIR}/Kingfisher/Kingfisher.framework",
				"${BUILT_PRODUCTS_DIR}/NVActivityIndicatorView/NVActivityIndicatorView.framework",
			);
			name = "[CP] Embed Pods Frameworks";
			outputPaths = (
				"${TARGET_BUILD_DIR}/${FRAMEWORKS_FOLDER_PATH}/Alamofire.framework",
				"${TARGET_BUILD_DIR}/${FRAMEWORKS_FOLDER_PATH}/Kingfisher.framework",
				"${TARGET_BUILD_DIR}/${FRAMEWORKS_FOLDER_PATH}/NVActivityIndicatorView.framework",
			);
			runOnlyForDeploymentPostprocessing = 0;
			shellPath = /bin/sh;
			shellScript = "\"${SRCROOT}/Pods/Target Support Files/Pods-MovieTime/Pods-MovieTime-frameworks.sh\"\n";
			showEnvVarsInLog = 0;
		};
/* End PBXShellScriptBuildPhase section */

/* Begin PBXSourcesBuildPhase section */
		5A6D27C321DCC9C300969217 /* Sources */ = {
			isa = PBXSourcesBuildPhase;
			buildActionMask = 2147483647;
			files = (
				5ADB055021DCE4AF00D0F500 /* ListViewCell.swift in Sources */,
				5ADB055B21DCF85E00D0F500 /* UrlList.swift in Sources */,
				5AE018A221DDF07900ED5196 /* MovieDescriptionViewController.swift in Sources */,
				5ADB055D21DCF87000D0F500 /* MoviewViewModel.swift in Sources */,
				5AE018A521DE069600ED5196 /* MoviesDescriptionViewModel.swift in Sources */,
				5ADB056021DD075E00D0F500 /* TrendingMoviesModel.swift in Sources */,
				5A6D27CB21DCC9C300969217 /* AppDelegate.swift in Sources */,
				5ADB055821DCF1CF00D0F500 /* ApiRequestManager.swift in Sources */,
				5AE018A721DE1D5800ED5196 /* FilterTableViewCell.swift in Sources */,
				5ADB054E21DCE49B00D0F500 /* GridViewCell.swift in Sources */,
				5ADB055221DCE55300D0F500 /* MoviesViewController.swift in Sources */,
			);
			runOnlyForDeploymentPostprocessing = 0;
		};
/* End PBXSourcesBuildPhase section */

/* Begin PBXVariantGroup section */
		5A6D27CE21DCC9C300969217 /* Main.storyboard */ = {
			isa = PBXVariantGroup;
			children = (
				5A6D27CF21DCC9C300969217 /* Base */,
			);
			name = Main.storyboard;
			sourceTree = "<group>";
		};
		5A6D27D321DCC9C400969217 /* LaunchScreen.storyboard */ = {
			isa = PBXVariantGroup;
			children = (
				5A6D27D421DCC9C400969217 /* Base */,
			);
			name = LaunchScreen.storyboard;
			sourceTree = "<group>";
		};
/* End PBXVariantGroup section */

/* Begin XCBuildConfiguration section */
		5A6D27D721DCC9C400969217 /* Debug */ = {
			isa = XCBuildConfiguration;
			buildSettings = {
				ALWAYS_SEARCH_USER_PATHS = NO;
				CLANG_ANALYZER_NONNULL = YES;
				CLANG_ANALYZER_NUMBER_OBJECT_CONVERSION = YES_AGGRESSIVE;
				CLANG_CXX_LANGUAGE_STANDARD = "gnu++14";
				CLANG_CXX_LIBRARY = "libc++";
				CLANG_ENABLE_MODULES = YES;
				CLANG_ENABLE_OBJC_ARC = YES;
				CLANG_ENABLE_OBJC_WEAK = YES;
				CLANG_WARN_BLOCK_CAPTURE_AUTORELEASING = YES;
				CLANG_WARN_BOOL_CONVERSION = YES;
				CLANG_WARN_COMMA = YES;
				CLANG_WARN_CONSTANT_CONVERSION = YES;
				CLANG_WARN_DEPRECATED_OBJC_IMPLEMENTATIONS = YES;
				CLANG_WARN_DIRECT_OBJC_ISA_USAGE = YES_ERROR;
				CLANG_WARN_DOCUMENTATION_COMMENTS = YES;
				CLANG_WARN_EMPTY_BODY = YES;
				CLANG_WARN_ENUM_CONVERSION = YES;
				CLANG_WARN_INFINITE_RECURSION = YES;
				CLANG_WARN_INT_CONVERSION = YES;
				CLANG_WARN_NON_LITERAL_NULL_CONVERSION = YES;
				CLANG_WARN_OBJC_IMPLICIT_RETAIN_SELF = YES;
				CLANG_WARN_OBJC_LITERAL_CONVERSION = YES;
				CLANG_WARN_OBJC_ROOT_CLASS = YES_ERROR;
				CLANG_WARN_RANGE_LOOP_ANALYSIS = YES;
				CLANG_WARN_STRICT_PROTOTYPES = YES;
				CLANG_WARN_SUSPICIOUS_MOVE = YES;
				CLANG_WARN_UNGUARDED_AVAILABILITY = YES_AGGRESSIVE;
				CLANG_WARN_UNREACHABLE_CODE = YES;
				CLANG_WARN__DUPLICATE_METHOD_MATCH = YES;
				CODE_SIGN_IDENTITY = "iPhone Developer";
				COPY_PHASE_STRIP = NO;
				DEBUG_INFORMATION_FORMAT = dwarf;
				ENABLE_STRICT_OBJC_MSGSEND = YES;
				ENABLE_TESTABILITY = YES;
				GCC_C_LANGUAGE_STANDARD = gnu11;
				GCC_DYNAMIC_NO_PIC = NO;
				GCC_NO_COMMON_BLOCKS = YES;
				GCC_OPTIMIZATION_LEVEL = 0;
				GCC_PREPROCESSOR_DEFINITIONS = (
					"DEBUG=1",
					"$(inherited)",
				);
				GCC_WARN_64_TO_32_BIT_CONVERSION = YES;
				GCC_WARN_ABOUT_RETURN_TYPE = YES_ERROR;
				GCC_WARN_UNDECLARED_SELECTOR = YES;
				GCC_WARN_UNINITIALIZED_AUTOS = YES_AGGRESSIVE;
				GCC_WARN_UNUSED_FUNCTION = YES;
				GCC_WARN_UNUSED_VARIABLE = YES;
				IPHONEOS_DEPLOYMENT_TARGET = 12.1;
				MTL_ENABLE_DEBUG_INFO = INCLUDE_SOURCE;
				MTL_FAST_MATH = YES;
				ONLY_ACTIVE_ARCH = YES;
				SDKROOT = iphoneos;
				SWIFT_ACTIVE_COMPILATION_CONDITIONS = DEBUG;
				SWIFT_OPTIMIZATION_LEVEL = "-Onone";
			};
			name = Debug;
		};
		5A6D27D821DCC9C400969217 /* Release */ = {
			isa = XCBuildConfiguration;
			buildSettings = {
				ALWAYS_SEARCH_USER_PATHS = NO;
				CLANG_ANALYZER_NONNULL = YES;
				CLANG_ANALYZER_NUMBER_OBJECT_CONVERSION = YES_AGGRESSIVE;
				CLANG_CXX_LANGUAGE_STANDARD = "gnu++14";
				CLANG_CXX_LIBRARY = "libc++";
				CLANG_ENABLE_MODULES = YES;
				CLANG_ENABLE_OBJC_ARC = YES;
				CLANG_ENABLE_OBJC_WEAK = YES;
				CLANG_WARN_BLOCK_CAPTURE_AUTORELEASING = YES;
				CLANG_WARN_BOOL_CONVERSION = YES;
				CLANG_WARN_COMMA = YES;
				CLANG_WARN_CONSTANT_CONVERSION = YES;
				CLANG_WARN_DEPRECATED_OBJC_IMPLEMENTATIONS = YES;
				CLANG_WARN_DIRECT_OBJC_ISA_USAGE = YES_ERROR;
				CLANG_WARN_DOCUMENTATION_COMMENTS = YES;
				CLANG_WARN_EMPTY_BODY = YES;
				CLANG_WARN_ENUM_CONVERSION = YES;
				CLANG_WARN_INFINITE_RECURSION = YES;
				CLANG_WARN_INT_CONVERSION = YES;
				CLANG_WARN_NON_LITERAL_NULL_CONVERSION = YES;
				CLANG_WARN_OBJC_IMPLICIT_RETAIN_SELF = YES;
				CLANG_WARN_OBJC_LITERAL_CONVERSION = YES;
				CLANG_WARN_OBJC_ROOT_CLASS = YES_ERROR;
				CLANG_WARN_RANGE_LOOP_ANALYSIS = YES;
				CLANG_WARN_STRICT_PROTOTYPES = YES;
				CLANG_WARN_SUSPICIOUS_MOVE = YES;
				CLANG_WARN_UNGUARDED_AVAILABILITY = YES_AGGRESSIVE;
				CLANG_WARN_UNREACHABLE_CODE = YES;
				CLANG_WARN__DUPLICATE_METHOD_MATCH = YES;
				CODE_SIGN_IDENTITY = "iPhone Developer";
				COPY_PHASE_STRIP = NO;
				DEBUG_INFORMATION_FORMAT = "dwarf-with-dsym";
				ENABLE_NS_ASSERTIONS = NO;
				ENABLE_STRICT_OBJC_MSGSEND = YES;
				GCC_C_LANGUAGE_STANDARD = gnu11;
				GCC_NO_COMMON_BLOCKS = YES;
				GCC_WARN_64_TO_32_BIT_CONVERSION = YES;
				GCC_WARN_ABOUT_RETURN_TYPE = YES_ERROR;
				GCC_WARN_UNDECLARED_SELECTOR = YES;
				GCC_WARN_UNINITIALIZED_AUTOS = YES_AGGRESSIVE;
				GCC_WARN_UNUSED_FUNCTION = YES;
				GCC_WARN_UNUSED_VARIABLE = YES;
				IPHONEOS_DEPLOYMENT_TARGET = 12.1;
				MTL_ENABLE_DEBUG_INFO = NO;
				MTL_FAST_MATH = YES;
				SDKROOT = iphoneos;
				SWIFT_COMPILATION_MODE = wholemodule;
				SWIFT_OPTIMIZATION_LEVEL = "-O";
				VALIDATE_PRODUCT = YES;
			};
			name = Release;
		};
		5A6D27DA21DCC9C400969217 /* Debug */ = {
			isa = XCBuildConfiguration;
			baseConfigurationReference = 34C5033D833AC3DD8453A159 /* Pods-MovieTime.debug.xcconfig */;
			buildSettings = {
				ASSETCATALOG_COMPILER_APPICON_NAME = AppIcon;
				CODE_SIGN_IDENTITY = "iPhone Developer";
				CODE_SIGN_STYLE = Automatic;
				DEVELOPMENT_TEAM = E4WCXE99EM;
				INFOPLIST_FILE = MovieTime/Info.plist;
				IPHONEOS_DEPLOYMENT_TARGET = 10;
				LD_RUNPATH_SEARCH_PATHS = (
					"$(inherited)",
					"@executable_path/Frameworks",
				);
				PRODUCT_BUNDLE_IDENTIFIER = com.shubhamkapoor.MovieTime;
				PRODUCT_NAME = "$(TARGET_NAME)";
				PROVISIONING_PROFILE_SPECIFIER = "";
				SWIFT_VERSION = 4.2;
				TARGETED_DEVICE_FAMILY = 1;
			};
			name = Debug;
		};
		5A6D27DB21DCC9C400969217 /* Release */ = {
			isa = XCBuildConfiguration;
			baseConfigurationReference = FD0FDB3E85D853844FE34AD6 /* Pods-MovieTime.release.xcconfig */;
			buildSettings = {
				ASSETCATALOG_COMPILER_APPICON_NAME = AppIcon;
				CODE_SIGN_IDENTITY = "iPhone Developer";
				CODE_SIGN_STYLE = Automatic;
				DEVELOPMENT_TEAM = E4WCXE99EM;
				INFOPLIST_FILE = MovieTime/Info.plist;
				IPHONEOS_DEPLOYMENT_TARGET = 10;
				LD_RUNPATH_SEARCH_PATHS = (
					"$(inherited)",
					"@executable_path/Frameworks",
				);
				PRODUCT_BUNDLE_IDENTIFIER = com.shubhamkapoor.MovieTime;
				PRODUCT_NAME = "$(TARGET_NAME)";
				PROVISIONING_PROFILE_SPECIFIER = "";
				SWIFT_VERSION = 4.2;
				TARGETED_DEVICE_FAMILY = 1;
			};
			name = Release;
		};
/* End XCBuildConfiguration section */

/* Begin XCConfigurationList section */
		5A6D27C221DCC9C300969217 /* Build configuration list for PBXProject "MovieTime" */ = {
			isa = XCConfigurationList;
			buildConfigurations = (
				5A6D27D721DCC9C400969217 /* Debug */,
				5A6D27D821DCC9C400969217 /* Release */,
			);
			defaultConfigurationIsVisible = 0;
			defaultConfigurationName = Release;
		};
		5A6D27D921DCC9C400969217 /* Build configuration list for PBXNativeTarget "MovieTime" */ = {
			isa = XCConfigurationList;
			buildConfigurations = (
				5A6D27DA21DCC9C400969217 /* Debug */,
				5A6D27DB21DCC9C400969217 /* Release */,
			);
			defaultConfigurationIsVisible = 0;
			defaultConfigurationName = Release;
		};
/* End XCConfigurationList section */
	};
	rootObject = 5A6D27BF21DCC9C300969217 /* Project object */;
}
